
Microsoft Visual Studio Solution File, Format Version 12.00
# Visual Studio Version 17
VisualStudioVersion = 17.5.002.0
MinimumVisualStudioVersion = 10.0.40219.1
Project("{2150E333-8FDC-42A3-9474-1A3956D46DE8}") = "lesson02", "lesson02", "{ABEF22E2-DFF3-4952-8ABC-49A8106F6B84}"
EndProject
Project("{9A19103F-16F7-4668-BE54-9A1E7A4F7556}") = "Task01", "lesson02\Task01\Task01.csproj", "{46032132-3869-4D85-8EB4-6830A15E8DFB}"
EndProject
Project("{9A19103F-16F7-4668-BE54-9A1E7A4F7556}") = "Task02", "lesson02\Task02\Task02.csproj", "{4EDE73FE-464C-40D7-B0E0-C5FEF040996C}"
EndProject
Project("{9A19103F-16F7-4668-BE54-9A1E7A4F7556}") = "Task03", "lesson02\Task03\Task03.csproj", "{5463A466-F6BE-46D7-BA3D-BA9B297CD4C8}"
EndProject
Project("{9A19103F-16F7-4668-BE54-9A1E7A4F7556}") = "Task04", "lesson02\Task04\Task04.csproj", "{B3B048F0-B777-4CAB-8E53-14D9C945C90C}"
EndProject
Project("{2150E333-8FDC-42A3-9474-1A3956D46DE8}") = "lesson03", "lesson03", "{FEC25505-A54B-4FA1-92ED-FB8DD5756A4E}"
EndProject
Project("{9A19103F-16F7-4668-BE54-9A1E7A4F7556}") = "Task01", "lesson03\Task01\Task01.csproj", "{DEB7678D-312C-47F5-A9D9-FC1071665175}"
EndProject
Project("{9A19103F-16F7-4668-BE54-9A1E7A4F7556}") = "Task02", "lesson03\Task02\Task02.csproj", "{3510D361-8B79-460C-9EE2-7CC9026D996F}"
EndProject
Project("{9A19103F-16F7-4668-BE54-9A1E7A4F7556}") = "Task03", "lesson03\Task03\Task03.csproj", "{7964C5FB-894E-4038-9E40-1A138BC7C02D}"
EndProject
Project("{2150E333-8FDC-42A3-9474-1A3956D46DE8}") = "lesson04", "lesson04", "{B82ED631-DCFC-4C91-BCFA-AACACDF36C2A}"
EndProject
Project("{9A19103F-16F7-4668-BE54-9A1E7A4F7556}") = "Task01", "lesson04\Task01\Task01.csproj", "{8CCFED50-330F-4317-8E09-F17759C0E9B3}"
EndProject
Project("{9A19103F-16F7-4668-BE54-9A1E7A4F7556}") = "Task02", "lesson04\Task02\Task02.csproj", "{3D33671F-DAB0-4C5D-B982-0F14DEE08969}"
EndProject
Project("{9A19103F-16F7-4668-BE54-9A1E7A4F7556}") = "Task03", "lesson04\Task03\Task03.csproj", "{4851673D-BEB3-4310-A533-7189A14F446B}"
EndProject
Project("{2150E333-8FDC-42A3-9474-1A3956D46DE8}") = "seminar03", "seminar03", "{BC6E982D-DE9F-4F4A-BBAA-458B7D8173A4}"
EndProject
Project("{9A19103F-16F7-4668-BE54-9A1E7A4F7556}") = "DZ_01", "seminar03\DZ_01\DZ_01.csproj", "{0A42F19F-9EB5-4A28-8159-42162802AFF9}"
EndProject
Project("{9A19103F-16F7-4668-BE54-9A1E7A4F7556}") = "DZ_02", "seminar03\DZ_02\DZ_02.csproj", "{6027603A-CEA3-4FB7-85CE-FABC4CC1F3D5}"
EndProject
Project("{9A19103F-16F7-4668-BE54-9A1E7A4F7556}") = "DZ_03", "seminar03\DZ_03\DZ_03.csproj", "{F5EB95B0-6BB2-4A2A-8934-3C4C40ECFFA7}"
EndProject
Project("{9A19103F-16F7-4668-BE54-9A1E7A4F7556}") = "Task01", "seminar03\Task01\Task01.csproj", "{56E22C98-44DC-4E9A-9A5D-4379DA4AFAA8}"
EndProject
Project("{9A19103F-16F7-4668-BE54-9A1E7A4F7556}") = "Task02", "seminar03\Task02\Task02.csproj", "{60DF5594-9688-4CD3-9456-BE278B883510}"
EndProject
Project("{9A19103F-16F7-4668-BE54-9A1E7A4F7556}") = "Task03", "seminar03\Task03\Task03.csproj", "{68A076B1-0AAC-44AE-9ABB-9EC369E31104}"
EndProject
Project("{2150E333-8FDC-42A3-9474-1A3956D46DE8}") = "seminar04", "seminar04", "{EEB33636-1D26-4FB7-9C9D-2CBF623B2EAA}"
EndProject
Project("{9A19103F-16F7-4668-BE54-9A1E7A4F7556}") = "DZ_01", "seminar04\DZ_01\DZ_01.csproj", "{3A4A4531-E15E-4FEB-91F8-8F4E0B705C1F}"
EndProject
Project("{9A19103F-16F7-4668-BE54-9A1E7A4F7556}") = "DZ_02", "seminar04\DZ_02\DZ_02.csproj", "{9322071F-8A37-480D-98C2-ED644A2FE400}"
EndProject
Project("{9A19103F-16F7-4668-BE54-9A1E7A4F7556}") = "DZ_03", "seminar04\DZ_03\DZ_03.csproj", "{FBA8B8C8-DE57-4463-9D77-FAB43A2831B0}"
EndProject
Project("{9A19103F-16F7-4668-BE54-9A1E7A4F7556}") = "Task01", "seminar04\Task01\Task01.csproj", "{06898C4E-F6CE-4926-B0A7-2888FE026CDC}"
EndProject
Project("{9A19103F-16F7-4668-BE54-9A1E7A4F7556}") = "Task02", "seminar04\Task02\Task02.csproj", "{DD4C6E41-32EB-47E5-A637-29F41990FCAB}"
EndProject
Project("{9A19103F-16F7-4668-BE54-9A1E7A4F7556}") = "Task03", "seminar04\Task03\Task03.csproj", "{FC9D6148-CB36-4C4F-A209-4C437EE35C05}"
EndProject
Global
	GlobalSection(SolutionConfigurationPlatforms) = preSolution
		Debug|Any CPU = Debug|Any CPU
		Release|Any CPU = Release|Any CPU
	EndGlobalSection
	GlobalSection(ProjectConfigurationPlatforms) = postSolution
		{46032132-3869-4D85-8EB4-6830A15E8DFB}.Debug|Any CPU.ActiveCfg = Debug|Any CPU
		{46032132-3869-4D85-8EB4-6830A15E8DFB}.Debug|Any CPU.Build.0 = Debug|Any CPU
		{46032132-3869-4D85-8EB4-6830A15E8DFB}.Release|Any CPU.ActiveCfg = Release|Any CPU
		{46032132-3869-4D85-8EB4-6830A15E8DFB}.Release|Any CPU.Build.0 = Release|Any CPU
		{4EDE73FE-464C-40D7-B0E0-C5FEF040996C}.Debug|Any CPU.ActiveCfg = Debug|Any CPU
		{4EDE73FE-464C-40D7-B0E0-C5FEF040996C}.Debug|Any CPU.Build.0 = Debug|Any CPU
		{4EDE73FE-464C-40D7-B0E0-C5FEF040996C}.Release|Any CPU.ActiveCfg = Release|Any CPU
		{4EDE73FE-464C-40D7-B0E0-C5FEF040996C}.Release|Any CPU.Build.0 = Release|Any CPU
		{5463A466-F6BE-46D7-BA3D-BA9B297CD4C8}.Debug|Any CPU.ActiveCfg = Debug|Any CPU
		{5463A466-F6BE-46D7-BA3D-BA9B297CD4C8}.Debug|Any CPU.Build.0 = Debug|Any CPU
		{5463A466-F6BE-46D7-BA3D-BA9B297CD4C8}.Release|Any CPU.ActiveCfg = Release|Any CPU
		{5463A466-F6BE-46D7-BA3D-BA9B297CD4C8}.Release|Any CPU.Build.0 = Release|Any CPU
		{B3B048F0-B777-4CAB-8E53-14D9C945C90C}.Debug|Any CPU.ActiveCfg = Debug|Any CPU
		{B3B048F0-B777-4CAB-8E53-14D9C945C90C}.Debug|Any CPU.Build.0 = Debug|Any CPU
		{B3B048F0-B777-4CAB-8E53-14D9C945C90C}.Release|Any CPU.ActiveCfg = Release|Any CPU
		{B3B048F0-B777-4CAB-8E53-14D9C945C90C}.Release|Any CPU.Build.0 = Release|Any CPU
		{DEB7678D-312C-47F5-A9D9-FC1071665175}.Debug|Any CPU.ActiveCfg = Debug|Any CPU
		{DEB7678D-312C-47F5-A9D9-FC1071665175}.Debug|Any CPU.Build.0 = Debug|Any CPU
		{DEB7678D-312C-47F5-A9D9-FC1071665175}.Release|Any CPU.ActiveCfg = Release|Any CPU
		{DEB7678D-312C-47F5-A9D9-FC1071665175}.Release|Any CPU.Build.0 = Release|Any CPU
		{3510D361-8B79-460C-9EE2-7CC9026D996F}.Debug|Any CPU.ActiveCfg = Debug|Any CPU
		{3510D361-8B79-460C-9EE2-7CC9026D996F}.Debug|Any CPU.Build.0 = Debug|Any CPU
		{3510D361-8B79-460C-9EE2-7CC9026D996F}.Release|Any CPU.ActiveCfg = Release|Any CPU
		{3510D361-8B79-460C-9EE2-7CC9026D996F}.Release|Any CPU.Build.0 = Release|Any CPU
		{7964C5FB-894E-4038-9E40-1A138BC7C02D}.Debug|Any CPU.ActiveCfg = Debug|Any CPU
		{7964C5FB-894E-4038-9E40-1A138BC7C02D}.Debug|Any CPU.Build.0 = Debug|Any CPU
		{7964C5FB-894E-4038-9E40-1A138BC7C02D}.Release|Any CPU.ActiveCfg = Release|Any CPU
		{7964C5FB-894E-4038-9E40-1A138BC7C02D}.Release|Any CPU.Build.0 = Release|Any CPU
		{8CCFED50-330F-4317-8E09-F17759C0E9B3}.Debug|Any CPU.ActiveCfg = Debug|Any CPU
		{8CCFED50-330F-4317-8E09-F17759C0E9B3}.Debug|Any CPU.Build.0 = Debug|Any CPU
		{8CCFED50-330F-4317-8E09-F17759C0E9B3}.Release|Any CPU.ActiveCfg = Release|Any CPU
		{8CCFED50-330F-4317-8E09-F17759C0E9B3}.Release|Any CPU.Build.0 = Release|Any CPU
		{3D33671F-DAB0-4C5D-B982-0F14DEE08969}.Debug|Any CPU.ActiveCfg = Debug|Any CPU
		{3D33671F-DAB0-4C5D-B982-0F14DEE08969}.Debug|Any CPU.Build.0 = Debug|Any CPU
		{3D33671F-DAB0-4C5D-B982-0F14DEE08969}.Release|Any CPU.ActiveCfg = Release|Any CPU
		{3D33671F-DAB0-4C5D-B982-0F14DEE08969}.Release|Any CPU.Build.0 = Release|Any CPU
		{4851673D-BEB3-4310-A533-7189A14F446B}.Debug|Any CPU.ActiveCfg = Debug|Any CPU
		{4851673D-BEB3-4310-A533-7189A14F446B}.Debug|Any CPU.Build.0 = Debug|Any CPU
		{4851673D-BEB3-4310-A533-7189A14F446B}.Release|Any CPU.ActiveCfg = Release|Any CPU
		{4851673D-BEB3-4310-A533-7189A14F446B}.Release|Any CPU.Build.0 = Release|Any CPU
		{0A42F19F-9EB5-4A28-8159-42162802AFF9}.Debug|Any CPU.ActiveCfg = Debug|Any CPU
		{0A42F19F-9EB5-4A28-8159-42162802AFF9}.Debug|Any CPU.Build.0 = Debug|Any CPU
		{0A42F19F-9EB5-4A28-8159-42162802AFF9}.Release|Any CPU.ActiveCfg = Release|Any CPU
		{0A42F19F-9EB5-4A28-8159-42162802AFF9}.Release|Any CPU.Build.0 = Release|Any CPU
		{6027603A-CEA3-4FB7-85CE-FABC4CC1F3D5}.Debug|Any CPU.ActiveCfg = Debug|Any CPU
		{6027603A-CEA3-4FB7-85CE-FABC4CC1F3D5}.Debug|Any CPU.Build.0 = Debug|Any CPU
		{6027603A-CEA3-4FB7-85CE-FABC4CC1F3D5}.Release|Any CPU.ActiveCfg = Release|Any CPU
		{6027603A-CEA3-4FB7-85CE-FABC4CC1F3D5}.Release|Any CPU.Build.0 = Release|Any CPU
		{F5EB95B0-6BB2-4A2A-8934-3C4C40ECFFA7}.Debug|Any CPU.ActiveCfg = Debug|Any CPU
		{F5EB95B0-6BB2-4A2A-8934-3C4C40ECFFA7}.Debug|Any CPU.Build.0 = Debug|Any CPU
		{F5EB95B0-6BB2-4A2A-8934-3C4C40ECFFA7}.Release|Any CPU.ActiveCfg = Release|Any CPU
		{F5EB95B0-6BB2-4A2A-8934-3C4C40ECFFA7}.Release|Any CPU.Build.0 = Release|Any CPU
		{56E22C98-44DC-4E9A-9A5D-4379DA4AFAA8}.Debug|Any CPU.ActiveCfg = Debug|Any CPU
		{56E22C98-44DC-4E9A-9A5D-4379DA4AFAA8}.Debug|Any CPU.Build.0 = Debug|Any CPU
		{56E22C98-44DC-4E9A-9A5D-4379DA4AFAA8}.Release|Any CPU.ActiveCfg = Release|Any CPU
		{56E22C98-44DC-4E9A-9A5D-4379DA4AFAA8}.Release|Any CPU.Build.0 = Release|Any CPU
		{60DF5594-9688-4CD3-9456-BE278B883510}.Debug|Any CPU.ActiveCfg = Debug|Any CPU
		{60DF5594-9688-4CD3-9456-BE278B883510}.Debug|Any CPU.Build.0 = Debug|Any CPU
		{60DF5594-9688-4CD3-9456-BE278B883510}.Release|Any CPU.ActiveCfg = Release|Any CPU
		{60DF5594-9688-4CD3-9456-BE278B883510}.Release|Any CPU.Build.0 = Release|Any CPU
		{68A076B1-0AAC-44AE-9ABB-9EC369E31104}.Debug|Any CPU.ActiveCfg = Debug|Any CPU
		{68A076B1-0AAC-44AE-9ABB-9EC369E31104}.Debug|Any CPU.Build.0 = Debug|Any CPU
		{68A076B1-0AAC-44AE-9ABB-9EC369E31104}.Release|Any CPU.ActiveCfg = Release|Any CPU
		{68A076B1-0AAC-44AE-9ABB-9EC369E31104}.Release|Any CPU.Build.0 = Release|Any CPU
		{3A4A4531-E15E-4FEB-91F8-8F4E0B705C1F}.Debug|Any CPU.ActiveCfg = Debug|Any CPU
		{3A4A4531-E15E-4FEB-91F8-8F4E0B705C1F}.Debug|Any CPU.Build.0 = Debug|Any CPU
		{3A4A4531-E15E-4FEB-91F8-8F4E0B705C1F}.Release|Any CPU.ActiveCfg = Release|Any CPU
		{3A4A4531-E15E-4FEB-91F8-8F4E0B705C1F}.Release|Any CPU.Build.0 = Release|Any CPU
		{9322071F-8A37-480D-98C2-ED644A2FE400}.Debug|Any CPU.ActiveCfg = Debug|Any CPU
		{9322071F-8A37-480D-98C2-ED644A2FE400}.Debug|Any CPU.Build.0 = Debug|Any CPU
		{9322071F-8A37-480D-98C2-ED644A2FE400}.Release|Any CPU.ActiveCfg = Release|Any CPU
		{9322071F-8A37-480D-98C2-ED644A2FE400}.Release|Any CPU.Build.0 = Release|Any CPU
		{FBA8B8C8-DE57-4463-9D77-FAB43A2831B0}.Debug|Any CPU.ActiveCfg = Debug|Any CPU
		{FBA8B8C8-DE57-4463-9D77-FAB43A2831B0}.Debug|Any CPU.Build.0 = Debug|Any CPU
		{FBA8B8C8-DE57-4463-9D77-FAB43A2831B0}.Release|Any CPU.ActiveCfg = Release|Any CPU
		{FBA8B8C8-DE57-4463-9D77-FAB43A2831B0}.Release|Any CPU.Build.0 = Release|Any CPU
		{06898C4E-F6CE-4926-B0A7-2888FE026CDC}.Debug|Any CPU.ActiveCfg = Debug|Any CPU
		{06898C4E-F6CE-4926-B0A7-2888FE026CDC}.Debug|Any CPU.Build.0 = Debug|Any CPU
		{06898C4E-F6CE-4926-B0A7-2888FE026CDC}.Release|Any CPU.ActiveCfg = Release|Any CPU
		{06898C4E-F6CE-4926-B0A7-2888FE026CDC}.Release|Any CPU.Build.0 = Release|Any CPU
		{DD4C6E41-32EB-47E5-A637-29F41990FCAB}.Debug|Any CPU.ActiveCfg = Debug|Any CPU
		{DD4C6E41-32EB-47E5-A637-29F41990FCAB}.Debug|Any CPU.Build.0 = Debug|Any CPU
		{DD4C6E41-32EB-47E5-A637-29F41990FCAB}.Release|Any CPU.ActiveCfg = Release|Any CPU
		{DD4C6E41-32EB-47E5-A637-29F41990FCAB}.Release|Any CPU.Build.0 = Release|Any CPU
		{FC9D6148-CB36-4C4F-A209-4C437EE35C05}.Debug|Any CPU.ActiveCfg = Debug|Any CPU
		{FC9D6148-CB36-4C4F-A209-4C437EE35C05}.Debug|Any CPU.Build.0 = Debug|Any CPU
		{FC9D6148-CB36-4C4F-A209-4C437EE35C05}.Release|Any CPU.ActiveCfg = Release|Any CPU
		{FC9D6148-CB36-4C4F-A209-4C437EE35C05}.Release|Any CPU.Build.0 = Release|Any CPU
	EndGlobalSection
	GlobalSection(SolutionProperties) = preSolution
		HideSolutionNode = FALSE
	EndGlobalSection
	GlobalSection(NestedProjects) = preSolution
		{46032132-3869-4D85-8EB4-6830A15E8DFB} = {ABEF22E2-DFF3-4952-8ABC-49A8106F6B84}
		{4EDE73FE-464C-40D7-B0E0-C5FEF040996C} = {ABEF22E2-DFF3-4952-8ABC-49A8106F6B84}
		{5463A466-F6BE-46D7-BA3D-BA9B297CD4C8} = {ABEF22E2-DFF3-4952-8ABC-49A8106F6B84}
		{B3B048F0-B777-4CAB-8E53-14D9C945C90C} = {ABEF22E2-DFF3-4952-8ABC-49A8106F6B84}
		{DEB7678D-312C-47F5-A9D9-FC1071665175} = {FEC25505-A54B-4FA1-92ED-FB8DD5756A4E}
		{3510D361-8B79-460C-9EE2-7CC9026D996F} = {FEC25505-A54B-4FA1-92ED-FB8DD5756A4E}
		{7964C5FB-894E-4038-9E40-1A138BC7C02D} = {FEC25505-A54B-4FA1-92ED-FB8DD5756A4E}
		{8CCFED50-330F-4317-8E09-F17759C0E9B3} = {B82ED631-DCFC-4C91-BCFA-AACACDF36C2A}
		{3D33671F-DAB0-4C5D-B982-0F14DEE08969} = {B82ED631-DCFC-4C91-BCFA-AACACDF36C2A}
		{4851673D-BEB3-4310-A533-7189A14F446B} = {B82ED631-DCFC-4C91-BCFA-AACACDF36C2A}
		{0A42F19F-9EB5-4A28-8159-42162802AFF9} = {BC6E982D-DE9F-4F4A-BBAA-458B7D8173A4}
		{6027603A-CEA3-4FB7-85CE-FABC4CC1F3D5} = {BC6E982D-DE9F-4F4A-BBAA-458B7D8173A4}
		{F5EB95B0-6BB2-4A2A-8934-3C4C40ECFFA7} = {BC6E982D-DE9F-4F4A-BBAA-458B7D8173A4}
		{56E22C98-44DC-4E9A-9A5D-4379DA4AFAA8} = {BC6E982D-DE9F-4F4A-BBAA-458B7D8173A4}
		{60DF5594-9688-4CD3-9456-BE278B883510} = {BC6E982D-DE9F-4F4A-BBAA-458B7D8173A4}
		{68A076B1-0AAC-44AE-9ABB-9EC369E31104} = {BC6E982D-DE9F-4F4A-BBAA-458B7D8173A4}
		{3A4A4531-E15E-4FEB-91F8-8F4E0B705C1F} = {EEB33636-1D26-4FB7-9C9D-2CBF623B2EAA}
		{9322071F-8A37-480D-98C2-ED644A2FE400} = {EEB33636-1D26-4FB7-9C9D-2CBF623B2EAA}
		{FBA8B8C8-DE57-4463-9D77-FAB43A2831B0} = {EEB33636-1D26-4FB7-9C9D-2CBF623B2EAA}
		{06898C4E-F6CE-4926-B0A7-2888FE026CDC} = {EEB33636-1D26-4FB7-9C9D-2CBF623B2EAA}
		{DD4C6E41-32EB-47E5-A637-29F41990FCAB} = {EEB33636-1D26-4FB7-9C9D-2CBF623B2EAA}
		{FC9D6148-CB36-4C4F-A209-4C437EE35C05} = {EEB33636-1D26-4FB7-9C9D-2CBF623B2EAA}
	EndGlobalSection
	GlobalSection(ExtensibilityGlobals) = postSolution
		SolutionGuid = {9C30221D-AE33-49A3-AB01-5152FCCC4E4A}
	EndGlobalSection
EndGlobal
