
Microsoft Visual Studio Solution File, Format Version 12.00
# Visual Studio Version 17
VisualStudioVersion = 17.5.002.0
MinimumVisualStudioVersion = 10.0.40219.1
Project("{2150E333-8FDC-42A3-9474-1A3956D46DE8}") = "lesson01", "lesson01", "{B85411AC-6594-413A-953F-A1175B97EAEB}"
EndProject
Project("{9A19103F-16F7-4668-BE54-9A1E7A4F7556}") = "Task1", "lesson01\Task1\Task1.csproj", "{73BF72C7-5C70-45B8-904E-33AA7EA29CD9}"
EndProject
Global
	GlobalSection(SolutionConfigurationPlatforms) = preSolution
		Debug|Any CPU = Debug|Any CPU
		Release|Any CPU = Release|Any CPU
	EndGlobalSection
	GlobalSection(ProjectConfigurationPlatforms) = postSolution
		{73BF72C7-5C70-45B8-904E-33AA7EA29CD9}.Debug|Any CPU.ActiveCfg = Debug|Any CPU
		{73BF72C7-5C70-45B8-904E-33AA7EA29CD9}.Debug|Any CPU.Build.0 = Debug|Any CPU
		{73BF72C7-5C70-45B8-904E-33AA7EA29CD9}.Release|Any CPU.ActiveCfg = Release|Any CPU
		{73BF72C7-5C70-45B8-904E-33AA7EA29CD9}.Release|Any CPU.Build.0 = Release|Any CPU
	EndGlobalSection
	GlobalSection(SolutionProperties) = preSolution
		HideSolutionNode = FALSE
	EndGlobalSection
	GlobalSection(NestedProjects) = preSolution
		{73BF72C7-5C70-45B8-904E-33AA7EA29CD9} = {B85411AC-6594-413A-953F-A1175B97EAEB}
	EndGlobalSection
	GlobalSection(ExtensibilityGlobals) = postSolution
		SolutionGuid = {5F298832-77E3-431D-BACF-23F4D7368A13}
	EndGlobalSection
EndGlobal
